
Microsoft Visual Studio Solution File, Format Version 12.00
# Visual Studio Version 17
VisualStudioVersion = 17.0.32014.148
MinimumVisualStudioVersion = 10.0.40219.1
Project("{FAE04EC0-301F-11D3-BF4B-00C04F79EFBC}") = "CajeroRosales", "CajeroRosales.csproj", "{B1308ADD-306E-4B14-9F74-A95C5607C00E}"
EndProject
Global
	GlobalSection(SolutionConfigurationPlatforms) = preSolution
		Debug|Any CPU = Debug|Any CPU
		Release|Any CPU = Release|Any CPU
	EndGlobalSection
	GlobalSection(ProjectConfigurationPlatforms) = postSolution
		{B1308ADD-306E-4B14-9F74-A95C5607C00E}.Debug|Any CPU.ActiveCfg = Debug|Any CPU
		{B1308ADD-306E-4B14-9F74-A95C5607C00E}.Debug|Any CPU.Build.0 = Debug|Any CPU
		{B1308ADD-306E-4B14-9F74-A95C5607C00E}.Release|Any CPU.ActiveCfg = Release|Any CPU
		{B1308ADD-306E-4B14-9F74-A95C5607C00E}.Release|Any CPU.Build.0 = Release|Any CPU
	EndGlobalSection
	GlobalSection(SolutionProperties) = preSolution
		HideSolutionNode = FALSE
	EndGlobalSection
	GlobalSection(ExtensibilityGlobals) = postSolution
		SolutionGuid = {F62D6039-AA5D-4CDE-883C-4B864138F1D2}
	EndGlobalSection
EndGlobal
